
Microsoft Visual Studio Solution File, Format Version 12.00
# Visual Studio Version 17
VisualStudioVersion = 17.10.34928.147
MinimumVisualStudioVersion = 10.0.40219.1
Project("{FAE04EC0-301F-11D3-BF4B-00C04F79EFBC}") = "ReviewAnalysis", "ReviewAnalysis.csproj", "{C6DA4671-C160-43DB-AA31-5EA15AD332DB}"
EndProject
Global
	GlobalSection(SolutionConfigurationPlatforms) = preSolution
		Debug|Any CPU = Debug|Any CPU
		Debug|x64 = Debug|x64
		Release|Any CPU = Release|Any CPU
		Release|x64 = Release|x64
	EndGlobalSection
	GlobalSection(ProjectConfigurationPlatforms) = postSolution
		{C6DA4671-C160-43DB-AA31-5EA15AD332DB}.Debug|Any CPU.ActiveCfg = Debug|Any CPU
		{C6DA4671-C160-43DB-AA31-5EA15AD332DB}.Debug|Any CPU.Build.0 = Debug|Any CPU
		{C6DA4671-C160-43DB-AA31-5EA15AD332DB}.Debug|x64.ActiveCfg = Debug|x64
		{C6DA4671-C160-43DB-AA31-5EA15AD332DB}.Debug|x64.Build.0 = Debug|x64
		{C6DA4671-C160-43DB-AA31-5EA15AD332DB}.Release|Any CPU.ActiveCfg = Release|Any CPU
		{C6DA4671-C160-43DB-AA31-5EA15AD332DB}.Release|Any CPU.Build.0 = Release|Any CPU
		{C6DA4671-C160-43DB-AA31-5EA15AD332DB}.Release|x64.ActiveCfg = Release|x64
		{C6DA4671-C160-43DB-AA31-5EA15AD332DB}.Release|x64.Build.0 = Release|x64
	EndGlobalSection
	GlobalSection(SolutionProperties) = preSolution
		HideSolutionNode = FALSE
	EndGlobalSection
	GlobalSection(ExtensibilityGlobals) = postSolution
		SolutionGuid = {74BF075D-5E8E-425C-8C0E-21E4CE5A5948}
	EndGlobalSection
EndGlobal
